
Microsoft Visual Studio Solution File, Format Version 12.00
# Visual Studio 15
VisualStudioVersion = 15.0.26124.0
MinimumVisualStudioVersion = 15.0.26124.0
Project("{FAE04EC0-301F-11D3-BF4B-00C04F79EFBC}") = "TeacherComputerRetrieval", "TeacherComputerRetrieval\TeacherComputerRetrieval.csproj", "{A830D33E-AA25-471F-B91E-5F9667DF2E84}"
EndProject
Project("{FAE04EC0-301F-11D3-BF4B-00C04F79EFBC}") = "TeacherComputerRetrieval.Tests", "TeacherComputerRetrieval.Tests\TeacherComputerRetrieval.Tests.csproj", "{BCD8CC1D-03B2-41E4-AC76-74096E36FDCC}"
EndProject
Global
	GlobalSection(SolutionConfigurationPlatforms) = preSolution
		Debug|Any CPU = Debug|Any CPU
		Debug|x64 = Debug|x64
		Debug|x86 = Debug|x86
		Release|Any CPU = Release|Any CPU
		Release|x64 = Release|x64
		Release|x86 = Release|x86
	EndGlobalSection
	GlobalSection(SolutionProperties) = preSolution
		HideSolutionNode = FALSE
	EndGlobalSection
	GlobalSection(ProjectConfigurationPlatforms) = postSolution
		{A830D33E-AA25-471F-B91E-5F9667DF2E84}.Debug|Any CPU.ActiveCfg = Debug|Any CPU
		{A830D33E-AA25-471F-B91E-5F9667DF2E84}.Debug|Any CPU.Build.0 = Debug|Any CPU
		{A830D33E-AA25-471F-B91E-5F9667DF2E84}.Debug|x64.ActiveCfg = Debug|Any CPU
		{A830D33E-AA25-471F-B91E-5F9667DF2E84}.Debug|x64.Build.0 = Debug|Any CPU
		{A830D33E-AA25-471F-B91E-5F9667DF2E84}.Debug|x86.ActiveCfg = Debug|Any CPU
		{A830D33E-AA25-471F-B91E-5F9667DF2E84}.Debug|x86.Build.0 = Debug|Any CPU
		{A830D33E-AA25-471F-B91E-5F9667DF2E84}.Release|Any CPU.ActiveCfg = Release|Any CPU
		{A830D33E-AA25-471F-B91E-5F9667DF2E84}.Release|Any CPU.Build.0 = Release|Any CPU
		{A830D33E-AA25-471F-B91E-5F9667DF2E84}.Release|x64.ActiveCfg = Release|Any CPU
		{A830D33E-AA25-471F-B91E-5F9667DF2E84}.Release|x64.Build.0 = Release|Any CPU
		{A830D33E-AA25-471F-B91E-5F9667DF2E84}.Release|x86.ActiveCfg = Release|Any CPU
		{A830D33E-AA25-471F-B91E-5F9667DF2E84}.Release|x86.Build.0 = Release|Any CPU
		{BCD8CC1D-03B2-41E4-AC76-74096E36FDCC}.Debug|Any CPU.ActiveCfg = Debug|Any CPU
		{BCD8CC1D-03B2-41E4-AC76-74096E36FDCC}.Debug|Any CPU.Build.0 = Debug|Any CPU
		{BCD8CC1D-03B2-41E4-AC76-74096E36FDCC}.Debug|x64.ActiveCfg = Debug|Any CPU
		{BCD8CC1D-03B2-41E4-AC76-74096E36FDCC}.Debug|x64.Build.0 = Debug|Any CPU
		{BCD8CC1D-03B2-41E4-AC76-74096E36FDCC}.Debug|x86.ActiveCfg = Debug|Any CPU
		{BCD8CC1D-03B2-41E4-AC76-74096E36FDCC}.Debug|x86.Build.0 = Debug|Any CPU
		{BCD8CC1D-03B2-41E4-AC76-74096E36FDCC}.Release|Any CPU.ActiveCfg = Release|Any CPU
		{BCD8CC1D-03B2-41E4-AC76-74096E36FDCC}.Release|Any CPU.Build.0 = Release|Any CPU
		{BCD8CC1D-03B2-41E4-AC76-74096E36FDCC}.Release|x64.ActiveCfg = Release|Any CPU
		{BCD8CC1D-03B2-41E4-AC76-74096E36FDCC}.Release|x64.Build.0 = Release|Any CPU
		{BCD8CC1D-03B2-41E4-AC76-74096E36FDCC}.Release|x86.ActiveCfg = Release|Any CPU
		{BCD8CC1D-03B2-41E4-AC76-74096E36FDCC}.Release|x86.Build.0 = Release|Any CPU
	EndGlobalSection
EndGlobal
